// !$*UTF8*$!
{
	archiveVersion = 1;
	classes = {
	};
	objectVersion = 46;
	objects = {

/* Begin PBXBuildFile section */
		3A3E14B11C3BF9C800B1991D /* DummyData.swift in Sources */ = {isa = PBXBuildFile; fileRef = 3A3E14B01C3BF9C800B1991D /* DummyData.swift */; settings = {ASSET_TAGS = (); }; };
		3AB10B2D1C3D07D800631BC7 /* Roboto-Light.ttf in Resources */ = {isa = PBXBuildFile; fileRef = 3AB10B2C1C3D07D800631BC7 /* Roboto-Light.ttf */; settings = {ASSET_TAGS = (); }; };
		3AB10B2F1C3D07E300631BC7 /* Roboto-Thin.ttf in Resources */ = {isa = PBXBuildFile; fileRef = 3AB10B2E1C3D07E300631BC7 /* Roboto-Thin.ttf */; settings = {ASSET_TAGS = (); }; };
		3AB10B341C3D376000631BC7 /* Main.storyboard in Resources */ = {isa = PBXBuildFile; fileRef = 3AB10B321C3D376000631BC7 /* Main.storyboard */; settings = {ASSET_TAGS = (); }; };
		4C4E6D911C32B83000D32BBC /* Roboto-Medium.ttf in Resources */ = {isa = PBXBuildFile; fileRef = 4C4E6D901C32B83000D32BBC /* Roboto-Medium.ttf */; settings = {ASSET_TAGS = (); }; };
		4C4E6D931C32B83D00D32BBC /* Roboto-Regular.ttf in Resources */ = {isa = PBXBuildFile; fileRef = 4C4E6D921C32B83D00D32BBC /* Roboto-Regular.ttf */; settings = {ASSET_TAGS = (); }; };
		4C4E6D951C32B84B00D32BBC /* RobotoCondensed-Regular.ttf in Resources */ = {isa = PBXBuildFile; fileRef = 4C4E6D941C32B84B00D32BBC /* RobotoCondensed-Regular.ttf */; settings = {ASSET_TAGS = (); }; };
		4C4E6D971C32BC6A00D32BBC /* IndentViewController.swift in Sources */ = {isa = PBXBuildFile; fileRef = 4C4E6D961C32BC6A00D32BBC /* IndentViewController.swift */; settings = {ASSET_TAGS = (); }; };
		4C4E6D991C32C01600D32BBC /* InvoiceViewController.swift in Sources */ = {isa = PBXBuildFile; fileRef = 4C4E6D981C32C01600D32BBC /* InvoiceViewController.swift */; settings = {ASSET_TAGS = (); }; };
		4C4E6D9B1C32C04300D32BBC /* AccountViewController.swift in Sources */ = {isa = PBXBuildFile; fileRef = 4C4E6D9A1C32C04300D32BBC /* AccountViewController.swift */; settings = {ASSET_TAGS = (); }; };
		4C4E6D9D1C32C06500D32BBC /* ChallanViewController.swift in Sources */ = {isa = PBXBuildFile; fileRef = 4C4E6D9C1C32C06500D32BBC /* ChallanViewController.swift */; settings = {ASSET_TAGS = (); }; };
		4C4E6DA11C3309B300D32BBC /* IndentCell.swift in Sources */ = {isa = PBXBuildFile; fileRef = 4C4E6DA01C3309B300D32BBC /* IndentCell.swift */; settings = {ASSET_TAGS = (); }; };
		4C4E6DA31C33181600D32BBC /* CartCell.swift in Sources */ = {isa = PBXBuildFile; fileRef = 4C4E6DA21C33181600D32BBC /* CartCell.swift */; settings = {ASSET_TAGS = (); }; };
		4C4E6DA51C33184900D32BBC /* CartViewController.swift in Sources */ = {isa = PBXBuildFile; fileRef = 4C4E6DA41C33184900D32BBC /* CartViewController.swift */; settings = {ASSET_TAGS = (); }; };
		4C5F0F651C3AB88700A54C15 /* HubCatalogue.swift in Sources */ = {isa = PBXBuildFile; fileRef = 4C5F0F641C3AB88700A54C15 /* HubCatalogue.swift */; settings = {ASSET_TAGS = (); }; };
		4C5F0F671C3ABABD00A54C15 /* Item.swift in Sources */ = {isa = PBXBuildFile; fileRef = 4C5F0F661C3ABABD00A54C15 /* Item.swift */; settings = {ASSET_TAGS = (); }; };
		4C5F0F691C3ABBEE00A54C15 /* ItemCategory.swift in Sources */ = {isa = PBXBuildFile; fileRef = 4C5F0F681C3ABBEE00A54C15 /* ItemCategory.swift */; settings = {ASSET_TAGS = (); }; };
		4C5F0F6B1C3ABC5700A54C15 /* ItemPrice.swift in Sources */ = {isa = PBXBuildFile; fileRef = 4C5F0F6A1C3ABC5700A54C15 /* ItemPrice.swift */; settings = {ASSET_TAGS = (); }; };
		4C5F0F6D1C3ABD2800A54C15 /* User.swift in Sources */ = {isa = PBXBuildFile; fileRef = 4C5F0F6C1C3ABD2800A54C15 /* User.swift */; settings = {ASSET_TAGS = (); }; };
		4C5F0F6F1C3ABE3800A54C15 /* Customer.swift in Sources */ = {isa = PBXBuildFile; fileRef = 4C5F0F6E1C3ABE3800A54C15 /* Customer.swift */; settings = {ASSET_TAGS = (); }; };
		4C5F0F711C3ABF6600A54C15 /* Roles.swift in Sources */ = {isa = PBXBuildFile; fileRef = 4C5F0F701C3ABF6600A54C15 /* Roles.swift */; settings = {ASSET_TAGS = (); }; };
		4C5F0F731C3AC27800A54C15 /* Order.swift in Sources */ = {isa = PBXBuildFile; fileRef = 4C5F0F721C3AC27800A54C15 /* Order.swift */; settings = {ASSET_TAGS = (); }; };
		4C5F0F751C3AC31A00A54C15 /* PurchaseOrder.swift in Sources */ = {isa = PBXBuildFile; fileRef = 4C5F0F741C3AC31A00A54C15 /* PurchaseOrder.swift */; settings = {ASSET_TAGS = (); }; };
		4C5F0F771C3AC3C100A54C15 /* POItems.swift in Sources */ = {isa = PBXBuildFile; fileRef = 4C5F0F761C3AC3C100A54C15 /* POItems.swift */; settings = {ASSET_TAGS = (); }; };
		4C5F0F791C3AC47600A54C15 /* DeliveryChallan.swift in Sources */ = {isa = PBXBuildFile; fileRef = 4C5F0F781C3AC47600A54C15 /* DeliveryChallan.swift */; settings = {ASSET_TAGS = (); }; };
		4C5F0F7B1C3AC51000A54C15 /* DC_Status_Def.swift in Sources */ = {isa = PBXBuildFile; fileRef = 4C5F0F7A1C3AC51000A54C15 /* DC_Status_Def.swift */; settings = {ASSET_TAGS = (); }; };
		4C5F0F7D1C3AC5C200A54C15 /* DC_Hist.swift in Sources */ = {isa = PBXBuildFile; fileRef = 4C5F0F7C1C3AC5C200A54C15 /* DC_Hist.swift */; settings = {ASSET_TAGS = (); }; };
		4C5F0F7F1C3AC64B00A54C15 /* Invoice.swift in Sources */ = {isa = PBXBuildFile; fileRef = 4C5F0F7E1C3AC64B00A54C15 /* Invoice.swift */; settings = {ASSET_TAGS = (); }; };
		4C5F0F811C3AC69C00A54C15 /* Invoice_Hist.swift in Sources */ = {isa = PBXBuildFile; fileRef = 4C5F0F801C3AC69C00A54C15 /* Invoice_Hist.swift */; settings = {ASSET_TAGS = (); }; };
		4C5F0F831C3AC75600A54C15 /* Invoice_Status_Def.swift in Sources */ = {isa = PBXBuildFile; fileRef = 4C5F0F821C3AC75600A54C15 /* Invoice_Status_Def.swift */; settings = {ASSET_TAGS = (); }; };
		4C5F0F851C3AC80D00A54C15 /* Audit.swift in Sources */ = {isa = PBXBuildFile; fileRef = 4C5F0F841C3AC80D00A54C15 /* Audit.swift */; settings = {ASSET_TAGS = (); }; };
		4C5F0F871C3AF67900A54C15 /* ItemsViewController.swift in Sources */ = {isa = PBXBuildFile; fileRef = 4C5F0F861C3AF67900A54C15 /* ItemsViewController.swift */; settings = {ASSET_TAGS = (); }; };
		4C5F0F891C3AF97F00A54C15 /* ItemCell.swift in Sources */ = {isa = PBXBuildFile; fileRef = 4C5F0F881C3AF97F00A54C15 /* ItemCell.swift */; settings = {ASSET_TAGS = (); }; };
		4CDFC7C31C2E54CC002684B5 /* AppDelegate.swift in Sources */ = {isa = PBXBuildFile; fileRef = 4CDFC7C21C2E54CC002684B5 /* AppDelegate.swift */; };
		4CDFC7CC1C2E54CD002684B5 /* Assets.xcassets in Resources */ = {isa = PBXBuildFile; fileRef = 4CDFC7CB1C2E54CD002684B5 /* Assets.xcassets */; };
		4CDFC7CF1C2E54CD002684B5 /* LaunchScreen.storyboard in Resources */ = {isa = PBXBuildFile; fileRef = 4CDFC7CD1C2E54CD002684B5 /* LaunchScreen.storyboard */; };
		4CDFC7DA1C2E54CD002684B5 /* AGRUBTests.swift in Sources */ = {isa = PBXBuildFile; fileRef = 4CDFC7D91C2E54CD002684B5 /* AGRUBTests.swift */; };
		4CDFC7E51C2E54CD002684B5 /* AGRUBUITests.swift in Sources */ = {isa = PBXBuildFile; fileRef = 4CDFC7E41C2E54CD002684B5 /* AGRUBUITests.swift */; };
		4CDFC7F31C2E59B7002684B5 /* MainTabBarController.swift in Sources */ = {isa = PBXBuildFile; fileRef = 4CDFC7F21C2E59B7002684B5 /* MainTabBarController.swift */; settings = {ASSET_TAGS = (); }; };
/* End PBXBuildFile section */

/* Begin PBXContainerItemProxy section */
		4CDFC7D61C2E54CD002684B5 /* PBXContainerItemProxy */ = {
			isa = PBXContainerItemProxy;
			containerPortal = 4CDFC7B71C2E54CC002684B5 /* Project object */;
			proxyType = 1;
			remoteGlobalIDString = 4CDFC7BE1C2E54CC002684B5;
			remoteInfo = AGRUB;
		};
		4CDFC7E11C2E54CD002684B5 /* PBXContainerItemProxy */ = {
			isa = PBXContainerItemProxy;
			containerPortal = 4CDFC7B71C2E54CC002684B5 /* Project object */;
			proxyType = 1;
			remoteGlobalIDString = 4CDFC7BE1C2E54CC002684B5;
			remoteInfo = AGRUB;
		};
/* End PBXContainerItemProxy section */

/* Begin PBXFileReference section */
		3A3E14B01C3BF9C800B1991D /* DummyData.swift */ = {isa = PBXFileReference; fileEncoding = 4; lastKnownFileType = sourcecode.swift; path = DummyData.swift; sourceTree = "<group>"; };
		3AB10B2C1C3D07D800631BC7 /* Roboto-Light.ttf */ = {isa = PBXFileReference; lastKnownFileType = file; path = "Roboto-Light.ttf"; sourceTree = "<group>"; };
		3AB10B2E1C3D07E300631BC7 /* Roboto-Thin.ttf */ = {isa = PBXFileReference; lastKnownFileType = file; path = "Roboto-Thin.ttf"; sourceTree = "<group>"; };
		3AB10B331C3D376000631BC7 /* Base */ = {isa = PBXFileReference; lastKnownFileType = file.storyboard; name = Base; path = Base.lproj/Main.storyboard; sourceTree = "<group>"; };
		4C4E6D901C32B83000D32BBC /* Roboto-Medium.ttf */ = {isa = PBXFileReference; lastKnownFileType = file; path = "Roboto-Medium.ttf"; sourceTree = "<group>"; };
		4C4E6D921C32B83D00D32BBC /* Roboto-Regular.ttf */ = {isa = PBXFileReference; lastKnownFileType = file; path = "Roboto-Regular.ttf"; sourceTree = "<group>"; };
		4C4E6D941C32B84B00D32BBC /* RobotoCondensed-Regular.ttf */ = {isa = PBXFileReference; lastKnownFileType = file; path = "RobotoCondensed-Regular.ttf"; sourceTree = "<group>"; };
		4C4E6D961C32BC6A00D32BBC /* IndentViewController.swift */ = {isa = PBXFileReference; fileEncoding = 4; lastKnownFileType = sourcecode.swift; path = IndentViewController.swift; sourceTree = "<group>"; };
		4C4E6D981C32C01600D32BBC /* InvoiceViewController.swift */ = {isa = PBXFileReference; fileEncoding = 4; lastKnownFileType = sourcecode.swift; path = InvoiceViewController.swift; sourceTree = "<group>"; };
		4C4E6D9A1C32C04300D32BBC /* AccountViewController.swift */ = {isa = PBXFileReference; fileEncoding = 4; lastKnownFileType = sourcecode.swift; path = AccountViewController.swift; sourceTree = "<group>"; };
		4C4E6D9C1C32C06500D32BBC /* ChallanViewController.swift */ = {isa = PBXFileReference; fileEncoding = 4; lastKnownFileType = sourcecode.swift; path = ChallanViewController.swift; sourceTree = "<group>"; };
		4C4E6DA01C3309B300D32BBC /* IndentCell.swift */ = {isa = PBXFileReference; fileEncoding = 4; lastKnownFileType = sourcecode.swift; path = IndentCell.swift; sourceTree = "<group>"; };
		4C4E6DA21C33181600D32BBC /* CartCell.swift */ = {isa = PBXFileReference; fileEncoding = 4; lastKnownFileType = sourcecode.swift; path = CartCell.swift; sourceTree = "<group>"; };
		4C4E6DA41C33184900D32BBC /* CartViewController.swift */ = {isa = PBXFileReference; fileEncoding = 4; lastKnownFileType = sourcecode.swift; path = CartViewController.swift; sourceTree = "<group>"; };
		4C5F0F641C3AB88700A54C15 /* HubCatalogue.swift */ = {isa = PBXFileReference; fileEncoding = 4; lastKnownFileType = sourcecode.swift; path = HubCatalogue.swift; sourceTree = "<group>"; };
		4C5F0F661C3ABABD00A54C15 /* Item.swift */ = {isa = PBXFileReference; fileEncoding = 4; lastKnownFileType = sourcecode.swift; path = Item.swift; sourceTree = "<group>"; };
		4C5F0F681C3ABBEE00A54C15 /* ItemCategory.swift */ = {isa = PBXFileReference; fileEncoding = 4; lastKnownFileType = sourcecode.swift; path = ItemCategory.swift; sourceTree = "<group>"; };
		4C5F0F6A1C3ABC5700A54C15 /* ItemPrice.swift */ = {isa = PBXFileReference; fileEncoding = 4; lastKnownFileType = sourcecode.swift; path = ItemPrice.swift; sourceTree = "<group>"; };
		4C5F0F6C1C3ABD2800A54C15 /* User.swift */ = {isa = PBXFileReference; fileEncoding = 4; lastKnownFileType = sourcecode.swift; path = User.swift; sourceTree = "<group>"; };
		4C5F0F6E1C3ABE3800A54C15 /* Customer.swift */ = {isa = PBXFileReference; fileEncoding = 4; lastKnownFileType = sourcecode.swift; path = Customer.swift; sourceTree = "<group>"; };
		4C5F0F701C3ABF6600A54C15 /* Roles.swift */ = {isa = PBXFileReference; fileEncoding = 4; lastKnownFileType = sourcecode.swift; path = Roles.swift; sourceTree = "<group>"; };
		4C5F0F721C3AC27800A54C15 /* Order.swift */ = {isa = PBXFileReference; fileEncoding = 4; lastKnownFileType = sourcecode.swift; path = Order.swift; sourceTree = "<group>"; };
		4C5F0F741C3AC31A00A54C15 /* PurchaseOrder.swift */ = {isa = PBXFileReference; fileEncoding = 4; lastKnownFileType = sourcecode.swift; path = PurchaseOrder.swift; sourceTree = "<group>"; };
		4C5F0F761C3AC3C100A54C15 /* POItems.swift */ = {isa = PBXFileReference; fileEncoding = 4; lastKnownFileType = sourcecode.swift; path = POItems.swift; sourceTree = "<group>"; };
		4C5F0F781C3AC47600A54C15 /* DeliveryChallan.swift */ = {isa = PBXFileReference; fileEncoding = 4; lastKnownFileType = sourcecode.swift; path = DeliveryChallan.swift; sourceTree = "<group>"; };
		4C5F0F7A1C3AC51000A54C15 /* DC_Status_Def.swift */ = {isa = PBXFileReference; fileEncoding = 4; lastKnownFileType = sourcecode.swift; path = DC_Status_Def.swift; sourceTree = "<group>"; };
		4C5F0F7C1C3AC5C200A54C15 /* DC_Hist.swift */ = {isa = PBXFileReference; fileEncoding = 4; lastKnownFileType = sourcecode.swift; path = DC_Hist.swift; sourceTree = "<group>"; };
		4C5F0F7E1C3AC64B00A54C15 /* Invoice.swift */ = {isa = PBXFileReference; fileEncoding = 4; lastKnownFileType = sourcecode.swift; path = Invoice.swift; sourceTree = "<group>"; };
		4C5F0F801C3AC69C00A54C15 /* Invoice_Hist.swift */ = {isa = PBXFileReference; fileEncoding = 4; lastKnownFileType = sourcecode.swift; path = Invoice_Hist.swift; sourceTree = "<group>"; };
		4C5F0F821C3AC75600A54C15 /* Invoice_Status_Def.swift */ = {isa = PBXFileReference; fileEncoding = 4; lastKnownFileType = sourcecode.swift; path = Invoice_Status_Def.swift; sourceTree = "<group>"; };
		4C5F0F841C3AC80D00A54C15 /* Audit.swift */ = {isa = PBXFileReference; fileEncoding = 4; lastKnownFileType = sourcecode.swift; path = Audit.swift; sourceTree = "<group>"; };
		4C5F0F861C3AF67900A54C15 /* ItemsViewController.swift */ = {isa = PBXFileReference; fileEncoding = 4; lastKnownFileType = sourcecode.swift; path = ItemsViewController.swift; sourceTree = "<group>"; };
		4C5F0F881C3AF97F00A54C15 /* ItemCell.swift */ = {isa = PBXFileReference; fileEncoding = 4; lastKnownFileType = sourcecode.swift; path = ItemCell.swift; sourceTree = "<group>"; };
		4CDFC7BF1C2E54CC002684B5 /* AGRUB.app */ = {isa = PBXFileReference; explicitFileType = wrapper.application; includeInIndex = 0; path = AGRUB.app; sourceTree = BUILT_PRODUCTS_DIR; };
		4CDFC7C21C2E54CC002684B5 /* AppDelegate.swift */ = {isa = PBXFileReference; lastKnownFileType = sourcecode.swift; path = AppDelegate.swift; sourceTree = "<group>"; };
		4CDFC7CB1C2E54CD002684B5 /* Assets.xcassets */ = {isa = PBXFileReference; lastKnownFileType = folder.assetcatalog; path = Assets.xcassets; sourceTree = "<group>"; };
		4CDFC7CE1C2E54CD002684B5 /* Base */ = {isa = PBXFileReference; lastKnownFileType = file.storyboard; name = Base; path = Base.lproj/LaunchScreen.storyboard; sourceTree = "<group>"; };
		4CDFC7D01C2E54CD002684B5 /* Info.plist */ = {isa = PBXFileReference; lastKnownFileType = text.plist.xml; path = Info.plist; sourceTree = "<group>"; };
		4CDFC7D51C2E54CD002684B5 /* AGRUBTests.xctest */ = {isa = PBXFileReference; explicitFileType = wrapper.cfbundle; includeInIndex = 0; path = AGRUBTests.xctest; sourceTree = BUILT_PRODUCTS_DIR; };
		4CDFC7D91C2E54CD002684B5 /* AGRUBTests.swift */ = {isa = PBXFileReference; lastKnownFileType = sourcecode.swift; path = AGRUBTests.swift; sourceTree = "<group>"; };
		4CDFC7DB1C2E54CD002684B5 /* Info.plist */ = {isa = PBXFileReference; lastKnownFileType = text.plist.xml; path = Info.plist; sourceTree = "<group>"; };
		4CDFC7E01C2E54CD002684B5 /* AGRUBUITests.xctest */ = {isa = PBXFileReference; explicitFileType = wrapper.cfbundle; includeInIndex = 0; path = AGRUBUITests.xctest; sourceTree = BUILT_PRODUCTS_DIR; };
		4CDFC7E41C2E54CD002684B5 /* AGRUBUITests.swift */ = {isa = PBXFileReference; lastKnownFileType = sourcecode.swift; path = AGRUBUITests.swift; sourceTree = "<group>"; };
		4CDFC7E61C2E54CD002684B5 /* Info.plist */ = {isa = PBXFileReference; lastKnownFileType = text.plist.xml; path = Info.plist; sourceTree = "<group>"; };
		4CDFC7F21C2E59B7002684B5 /* MainTabBarController.swift */ = {isa = PBXFileReference; fileEncoding = 4; lastKnownFileType = sourcecode.swift; path = MainTabBarController.swift; sourceTree = "<group>"; };
/* End PBXFileReference section */

/* Begin PBXFrameworksBuildPhase section */
		4CDFC7BC1C2E54CC002684B5 /* Frameworks */ = {
			isa = PBXFrameworksBuildPhase;
			buildActionMask = 2147483647;
			files = (
			);
			runOnlyForDeploymentPostprocessing = 0;
		};
		4CDFC7D21C2E54CD002684B5 /* Frameworks */ = {
			isa = PBXFrameworksBuildPhase;
			buildActionMask = 2147483647;
			files = (
			);
			runOnlyForDeploymentPostprocessing = 0;
		};
		4CDFC7DD1C2E54CD002684B5 /* Frameworks */ = {
			isa = PBXFrameworksBuildPhase;
			buildActionMask = 2147483647;
			files = (
			);
			runOnlyForDeploymentPostprocessing = 0;
		};
/* End PBXFrameworksBuildPhase section */

/* Begin PBXGroup section */
		3A3E14AF1C3BF9AA00B1991D /* DummyData */ = {
			isa = PBXGroup;
			children = (
				3A3E14B01C3BF9C800B1991D /* DummyData.swift */,
			);
			name = DummyData;
			sourceTree = "<group>";
		};
		4C4E6D8E1C32B77C00D32BBC /* Resources */ = {
			isa = PBXGroup;
			children = (
				4C4E6D8F1C32B79600D32BBC /* Font */,
			);
			name = Resources;
			sourceTree = "<group>";
		};
		4C4E6D8F1C32B79600D32BBC /* Font */ = {
			isa = PBXGroup;
			children = (
				3AB10B2E1C3D07E300631BC7 /* Roboto-Thin.ttf */,
				3AB10B2C1C3D07D800631BC7 /* Roboto-Light.ttf */,
				4C4E6D941C32B84B00D32BBC /* RobotoCondensed-Regular.ttf */,
				4C4E6D921C32B83D00D32BBC /* Roboto-Regular.ttf */,
				4C4E6D901C32B83000D32BBC /* Roboto-Medium.ttf */,
			);
			name = Font;
			sourceTree = "<group>";
		};
		4C9A715B1C3814D600D7C7B0 /* Controllers */ = {
			isa = PBXGroup;
			children = (
				4CDFC7F21C2E59B7002684B5 /* MainTabBarController.swift */,
				4C4E6D961C32BC6A00D32BBC /* IndentViewController.swift */,
				4C4E6D9C1C32C06500D32BBC /* ChallanViewController.swift */,
				4C4E6D981C32C01600D32BBC /* InvoiceViewController.swift */,
				4C4E6D9A1C32C04300D32BBC /* AccountViewController.swift */,
				4C4E6DA41C33184900D32BBC /* CartViewController.swift */,
				4C5F0F861C3AF67900A54C15 /* ItemsViewController.swift */,
				3AB10B321C3D376000631BC7 /* Main.storyboard */,
				3A3E14AF1C3BF9AA00B1991D /* DummyData */,
			);
			name = Controllers;
			sourceTree = "<group>";
		};
		4C9A715C1C3814EF00D7C7B0 /* View */ = {
			isa = PBXGroup;
			children = (
				4C4E6DA01C3309B300D32BBC /* IndentCell.swift */,
				4C4E6DA21C33181600D32BBC /* CartCell.swift */,
				4C5F0F881C3AF97F00A54C15 /* ItemCell.swift */,
			);
			name = View;
			sourceTree = "<group>";
		};
		4C9A715D1C38151700D7C7B0 /* Model */ = {
			isa = PBXGroup;
			children = (
				4C5F0F641C3AB88700A54C15 /* HubCatalogue.swift */,
				4C5F0F841C3AC80D00A54C15 /* Audit.swift */,
				4C5F0F681C3ABBEE00A54C15 /* ItemCategory.swift */,
				4C5F0F661C3ABABD00A54C15 /* Item.swift */,
				4C5F0F6A1C3ABC5700A54C15 /* ItemPrice.swift */,
				4C5F0F6C1C3ABD2800A54C15 /* User.swift */,
				4C5F0F701C3ABF6600A54C15 /* Roles.swift */,
				4C5F0F721C3AC27800A54C15 /* Order.swift */,
				4C5F0F741C3AC31A00A54C15 /* PurchaseOrder.swift */,
				4C5F0F761C3AC3C100A54C15 /* POItems.swift */,
				4C5F0F6E1C3ABE3800A54C15 /* Customer.swift */,
				4C5F0F781C3AC47600A54C15 /* DeliveryChallan.swift */,
				4C5F0F7A1C3AC51000A54C15 /* DC_Status_Def.swift */,
				4C5F0F7C1C3AC5C200A54C15 /* DC_Hist.swift */,
				4C5F0F7E1C3AC64B00A54C15 /* Invoice.swift */,
				4C5F0F801C3AC69C00A54C15 /* Invoice_Hist.swift */,
				4C5F0F821C3AC75600A54C15 /* Invoice_Status_Def.swift */,
			);
			name = Model;
			sourceTree = "<group>";
		};
		4CDFC7B61C2E54CC002684B5 = {
			isa = PBXGroup;
			children = (
				4CDFC7C11C2E54CC002684B5 /* AGRUB */,
				4CDFC7D81C2E54CD002684B5 /* AGRUBTests */,
				4CDFC7E31C2E54CD002684B5 /* AGRUBUITests */,
				4CDFC7C01C2E54CC002684B5 /* Products */,
			);
			sourceTree = "<group>";
		};
		4CDFC7C01C2E54CC002684B5 /* Products */ = {
			isa = PBXGroup;
			children = (
				4CDFC7BF1C2E54CC002684B5 /* AGRUB.app */,
				4CDFC7D51C2E54CD002684B5 /* AGRUBTests.xctest */,
				4CDFC7E01C2E54CD002684B5 /* AGRUBUITests.xctest */,
			);
			name = Products;
			sourceTree = "<group>";
		};
		4CDFC7C11C2E54CC002684B5 /* AGRUB */ = {
			isa = PBXGroup;
			children = (
				4CDFC7C21C2E54CC002684B5 /* AppDelegate.swift */,
				4C9A715D1C38151700D7C7B0 /* Model */,
				4C9A715C1C3814EF00D7C7B0 /* View */,
				4C9A715B1C3814D600D7C7B0 /* Controllers */,
				4CDFC7CB1C2E54CD002684B5 /* Assets.xcassets */,
				4CDFC7CD1C2E54CD002684B5 /* LaunchScreen.storyboard */,
				4CDFC7D01C2E54CD002684B5 /* Info.plist */,
				4C4E6D8E1C32B77C00D32BBC /* Resources */,
			);
			path = AGRUB;
			sourceTree = "<group>";
		};
		4CDFC7D81C2E54CD002684B5 /* AGRUBTests */ = {
			isa = PBXGroup;
			children = (
				4CDFC7D91C2E54CD002684B5 /* AGRUBTests.swift */,
				4CDFC7DB1C2E54CD002684B5 /* Info.plist */,
			);
			path = AGRUBTests;
			sourceTree = "<group>";
		};
		4CDFC7E31C2E54CD002684B5 /* AGRUBUITests */ = {
			isa = PBXGroup;
			children = (
				4CDFC7E41C2E54CD002684B5 /* AGRUBUITests.swift */,
				4CDFC7E61C2E54CD002684B5 /* Info.plist */,
			);
			path = AGRUBUITests;
			sourceTree = "<group>";
		};
/* End PBXGroup section */

/* Begin PBXNativeTarget section */
		4CDFC7BE1C2E54CC002684B5 /* AGRUB */ = {
			isa = PBXNativeTarget;
			buildConfigurationList = 4CDFC7E91C2E54CD002684B5 /* Build configuration list for PBXNativeTarget "AGRUB" */;
			buildPhases = (
				4CDFC7BB1C2E54CC002684B5 /* Sources */,
				4CDFC7BC1C2E54CC002684B5 /* Frameworks */,
				4CDFC7BD1C2E54CC002684B5 /* Resources */,
			);
			buildRules = (
			);
			dependencies = (
			);
			name = AGRUB;
			productName = AGRUB;
			productReference = 4CDFC7BF1C2E54CC002684B5 /* AGRUB.app */;
			productType = "com.apple.product-type.application";
		};
		4CDFC7D41C2E54CD002684B5 /* AGRUBTests */ = {
			isa = PBXNativeTarget;
			buildConfigurationList = 4CDFC7EC1C2E54CD002684B5 /* Build configuration list for PBXNativeTarget "AGRUBTests" */;
			buildPhases = (
				4CDFC7D11C2E54CD002684B5 /* Sources */,
				4CDFC7D21C2E54CD002684B5 /* Frameworks */,
				4CDFC7D31C2E54CD002684B5 /* Resources */,
			);
			buildRules = (
			);
			dependencies = (
				4CDFC7D71C2E54CD002684B5 /* PBXTargetDependency */,
			);
			name = AGRUBTests;
			productName = AGRUBTests;
			productReference = 4CDFC7D51C2E54CD002684B5 /* AGRUBTests.xctest */;
			productType = "com.apple.product-type.bundle.unit-test";
		};
		4CDFC7DF1C2E54CD002684B5 /* AGRUBUITests */ = {
			isa = PBXNativeTarget;
			buildConfigurationList = 4CDFC7EF1C2E54CD002684B5 /* Build configuration list for PBXNativeTarget "AGRUBUITests" */;
			buildPhases = (
				4CDFC7DC1C2E54CD002684B5 /* Sources */,
				4CDFC7DD1C2E54CD002684B5 /* Frameworks */,
				4CDFC7DE1C2E54CD002684B5 /* Resources */,
			);
			buildRules = (
			);
			dependencies = (
				4CDFC7E21C2E54CD002684B5 /* PBXTargetDependency */,
			);
			name = AGRUBUITests;
			productName = AGRUBUITests;
			productReference = 4CDFC7E01C2E54CD002684B5 /* AGRUBUITests.xctest */;
			productType = "com.apple.product-type.bundle.ui-testing";
		};
/* End PBXNativeTarget section */

/* Begin PBXProject section */
		4CDFC7B71C2E54CC002684B5 /* Project object */ = {
			isa = PBXProject;
			attributes = {
				LastUpgradeCheck = 0700;
				ORGANIZATIONNAME = agrub;
				TargetAttributes = {
					4CDFC7BE1C2E54CC002684B5 = {
						CreatedOnToolsVersion = 7.0.1;
					};
					4CDFC7D41C2E54CD002684B5 = {
						CreatedOnToolsVersion = 7.0.1;
						TestTargetID = 4CDFC7BE1C2E54CC002684B5;
					};
					4CDFC7DF1C2E54CD002684B5 = {
						CreatedOnToolsVersion = 7.0.1;
						TestTargetID = 4CDFC7BE1C2E54CC002684B5;
					};
				};
			};
			buildConfigurationList = 4CDFC7BA1C2E54CC002684B5 /* Build configuration list for PBXProject "AGRUB" */;
			compatibilityVersion = "Xcode 3.2";
			developmentRegion = English;
			hasScannedForEncodings = 0;
			knownRegions = (
				en,
				Base,
			);
			mainGroup = 4CDFC7B61C2E54CC002684B5;
			productRefGroup = 4CDFC7C01C2E54CC002684B5 /* Products */;
			projectDirPath = "";
			projectRoot = "";
			targets = (
				4CDFC7BE1C2E54CC002684B5 /* AGRUB */,
				4CDFC7D41C2E54CD002684B5 /* AGRUBTests */,
				4CDFC7DF1C2E54CD002684B5 /* AGRUBUITests */,
			);
		};
/* End PBXProject section */

/* Begin PBXResourcesBuildPhase section */
		4CDFC7BD1C2E54CC002684B5 /* Resources */ = {
			isa = PBXResourcesBuildPhase;
			buildActionMask = 2147483647;
			files = (
				3AB10B2F1C3D07E300631BC7 /* Roboto-Thin.ttf in Resources */,
				4C4E6D951C32B84B00D32BBC /* RobotoCondensed-Regular.ttf in Resources */,
				4C4E6D911C32B83000D32BBC /* Roboto-Medium.ttf in Resources */,
				3AB10B341C3D376000631BC7 /* Main.storyboard in Resources */,
				4CDFC7CF1C2E54CD002684B5 /* LaunchScreen.storyboard in Resources */,
				4C4E6D931C32B83D00D32BBC /* Roboto-Regular.ttf in Resources */,
				3AB10B2D1C3D07D800631BC7 /* Roboto-Light.ttf in Resources */,
				4CDFC7CC1C2E54CD002684B5 /* Assets.xcassets in Resources */,
			);
			runOnlyForDeploymentPostprocessing = 0;
		};
		4CDFC7D31C2E54CD002684B5 /* Resources */ = {
			isa = PBXResourcesBuildPhase;
			buildActionMask = 2147483647;
			files = (
			);
			runOnlyForDeploymentPostprocessing = 0;
		};
		4CDFC7DE1C2E54CD002684B5 /* Resources */ = {
			isa = PBXResourcesBuildPhase;
			buildActionMask = 2147483647;
			files = (
			);
			runOnlyForDeploymentPostprocessing = 0;
		};
/* End PBXResourcesBuildPhase section */

/* Begin PBXSourcesBuildPhase section */
		4CDFC7BB1C2E54CC002684B5 /* Sources */ = {
			isa = PBXSourcesBuildPhase;
			buildActionMask = 2147483647;
			files = (
				4CDFC7F31C2E59B7002684B5 /* MainTabBarController.swift in Sources */,
				4C5F0F811C3AC69C00A54C15 /* Invoice_Hist.swift in Sources */,
				4C5F0F771C3AC3C100A54C15 /* POItems.swift in Sources */,
				4C4E6DA51C33184900D32BBC /* CartViewController.swift in Sources */,
				4C5F0F891C3AF97F00A54C15 /* ItemCell.swift in Sources */,
				4C5F0F871C3AF67900A54C15 /* ItemsViewController.swift in Sources */,
				4C5F0F831C3AC75600A54C15 /* Invoice_Status_Def.swift in Sources */,
				4C5F0F7B1C3AC51000A54C15 /* DC_Status_Def.swift in Sources */,
				4C5F0F691C3ABBEE00A54C15 /* ItemCategory.swift in Sources */,
				4C4E6D9B1C32C04300D32BBC /* AccountViewController.swift in Sources */,
				4C5F0F651C3AB88700A54C15 /* HubCatalogue.swift in Sources */,
				4C4E6D971C32BC6A00D32BBC /* IndentViewController.swift in Sources */,
				4C5F0F791C3AC47600A54C15 /* DeliveryChallan.swift in Sources */,
				4C5F0F731C3AC27800A54C15 /* Order.swift in Sources */,
				4C5F0F7F1C3AC64B00A54C15 /* Invoice.swift in Sources */,
				4C5F0F6F1C3ABE3800A54C15 /* Customer.swift in Sources */,
				4C5F0F6D1C3ABD2800A54C15 /* User.swift in Sources */,
				4C4E6D991C32C01600D32BBC /* InvoiceViewController.swift in Sources */,
				4C5F0F671C3ABABD00A54C15 /* Item.swift in Sources */,
				4C5F0F7D1C3AC5C200A54C15 /* DC_Hist.swift in Sources */,
				4C4E6DA11C3309B300D32BBC /* IndentCell.swift in Sources */,
				4C5F0F711C3ABF6600A54C15 /* Roles.swift in Sources */,
				4C5F0F751C3AC31A00A54C15 /* PurchaseOrder.swift in Sources */,
				4C5F0F851C3AC80D00A54C15 /* Audit.swift in Sources */,
				4C4E6D9D1C32C06500D32BBC /* ChallanViewController.swift in Sources */,
				4C4E6DA31C33181600D32BBC /* CartCell.swift in Sources */,
				4CDFC7C31C2E54CC002684B5 /* AppDelegate.swift in Sources */,
				4C5F0F6B1C3ABC5700A54C15 /* ItemPrice.swift in Sources */,
				3A3E14B11C3BF9C800B1991D /* DummyData.swift in Sources */,
			);
			runOnlyForDeploymentPostprocessing = 0;
		};
		4CDFC7D11C2E54CD002684B5 /* Sources */ = {
			isa = PBXSourcesBuildPhase;
			buildActionMask = 2147483647;
			files = (
				4CDFC7DA1C2E54CD002684B5 /* AGRUBTests.swift in Sources */,
			);
			runOnlyForDeploymentPostprocessing = 0;
		};
		4CDFC7DC1C2E54CD002684B5 /* Sources */ = {
			isa = PBXSourcesBuildPhase;
			buildActionMask = 2147483647;
			files = (
				4CDFC7E51C2E54CD002684B5 /* AGRUBUITests.swift in Sources */,
			);
			runOnlyForDeploymentPostprocessing = 0;
		};
/* End PBXSourcesBuildPhase section */

/* Begin PBXTargetDependency section */
		4CDFC7D71C2E54CD002684B5 /* PBXTargetDependency */ = {
			isa = PBXTargetDependency;
			target = 4CDFC7BE1C2E54CC002684B5 /* AGRUB */;
			targetProxy = 4CDFC7D61C2E54CD002684B5 /* PBXContainerItemProxy */;
		};
		4CDFC7E21C2E54CD002684B5 /* PBXTargetDependency */ = {
			isa = PBXTargetDependency;
			target = 4CDFC7BE1C2E54CC002684B5 /* AGRUB */;
			targetProxy = 4CDFC7E11C2E54CD002684B5 /* PBXContainerItemProxy */;
		};
/* End PBXTargetDependency section */

/* Begin PBXVariantGroup section */
		3AB10B321C3D376000631BC7 /* Main.storyboard */ = {
			isa = PBXVariantGroup;
			children = (
				3AB10B331C3D376000631BC7 /* Base */,
			);
			name = Main.storyboard;
			sourceTree = "<group>";
		};
		4CDFC7CD1C2E54CD002684B5 /* LaunchScreen.storyboard */ = {
			isa = PBXVariantGroup;
			children = (
				4CDFC7CE1C2E54CD002684B5 /* Base */,
			);
			name = LaunchScreen.storyboard;
			sourceTree = "<group>";
		};
/* End PBXVariantGroup section */

/* Begin XCBuildConfiguration section */
		4CDFC7E71C2E54CD002684B5 /* Debug */ = {
			isa = XCBuildConfiguration;
			buildSettings = {
				ALWAYS_SEARCH_USER_PATHS = NO;
				CLANG_CXX_LANGUAGE_STANDARD = "gnu++0x";
				CLANG_CXX_LIBRARY = "libc++";
				CLANG_ENABLE_MODULES = YES;
				CLANG_ENABLE_OBJC_ARC = YES;
				CLANG_WARN_BOOL_CONVERSION = YES;
				CLANG_WARN_CONSTANT_CONVERSION = YES;
				CLANG_WARN_DIRECT_OBJC_ISA_USAGE = YES_ERROR;
				CLANG_WARN_EMPTY_BODY = YES;
				CLANG_WARN_ENUM_CONVERSION = YES;
				CLANG_WARN_INT_CONVERSION = YES;
				CLANG_WARN_OBJC_ROOT_CLASS = YES_ERROR;
				CLANG_WARN_UNREACHABLE_CODE = YES;
				CLANG_WARN__DUPLICATE_METHOD_MATCH = YES;
				CODE_SIGN_IDENTITY = "iPhone Developer: Bhargava Poludasu (VZ2J5PXBYS)";
				"CODE_SIGN_IDENTITY[sdk=iphoneos*]" = "iPhone Developer: Bhargava Poludasu (VZ2J5PXBYS)";
				COPY_PHASE_STRIP = NO;
				DEBUG_INFORMATION_FORMAT = dwarf;
				ENABLE_STRICT_OBJC_MSGSEND = YES;
				ENABLE_TESTABILITY = YES;
				GCC_C_LANGUAGE_STANDARD = gnu99;
				GCC_DYNAMIC_NO_PIC = NO;
				GCC_NO_COMMON_BLOCKS = YES;
				GCC_OPTIMIZATION_LEVEL = 0;
				GCC_PREPROCESSOR_DEFINITIONS = (
					"DEBUG=1",
					"$(inherited)",
				);
				GCC_WARN_64_TO_32_BIT_CONVERSION = YES;
				GCC_WARN_ABOUT_RETURN_TYPE = YES_ERROR;
				GCC_WARN_UNDECLARED_SELECTOR = YES;
				GCC_WARN_UNINITIALIZED_AUTOS = YES_AGGRESSIVE;
				GCC_WARN_UNUSED_FUNCTION = YES;
				GCC_WARN_UNUSED_VARIABLE = YES;
				IPHONEOS_DEPLOYMENT_TARGET = 9.0;
				MTL_ENABLE_DEBUG_INFO = YES;
				ONLY_ACTIVE_ARCH = YES;
				PROVISIONING_PROFILE = "a8f4906a-9718-4ac3-891b-6bd444c025af";
				SDKROOT = iphoneos;
				SWIFT_OPTIMIZATION_LEVEL = "-Onone";
				TARGETED_DEVICE_FAMILY = "1,2";
			};
			name = Debug;
		};
		4CDFC7E81C2E54CD002684B5 /* Release */ = {
			isa = XCBuildConfiguration;
			buildSettings = {
				ALWAYS_SEARCH_USER_PATHS = NO;
				CLANG_CXX_LANGUAGE_STANDARD = "gnu++0x";
				CLANG_CXX_LIBRARY = "libc++";
				CLANG_ENABLE_MODULES = YES;
				CLANG_ENABLE_OBJC_ARC = YES;
				CLANG_WARN_BOOL_CONVERSION = YES;
				CLANG_WARN_CONSTANT_CONVERSION = YES;
				CLANG_WARN_DIRECT_OBJC_ISA_USAGE = YES_ERROR;
				CLANG_WARN_EMPTY_BODY = YES;
				CLANG_WARN_ENUM_CONVERSION = YES;
				CLANG_WARN_INT_CONVERSION = YES;
				CLANG_WARN_OBJC_ROOT_CLASS = YES_ERROR;
				CLANG_WARN_UNREACHABLE_CODE = YES;
				CLANG_WARN__DUPLICATE_METHOD_MATCH = YES;
				CODE_SIGN_IDENTITY = "iPhone Distribution: Bhargava Poludasu (T9ABV3STGA)";
				"CODE_SIGN_IDENTITY[sdk=iphoneos*]" = "iPhone Distribution: Bhargava Poludasu (T9ABV3STGA)";
				COPY_PHASE_STRIP = NO;
				DEBUG_INFORMATION_FORMAT = "dwarf-with-dsym";
				ENABLE_NS_ASSERTIONS = NO;
				ENABLE_STRICT_OBJC_MSGSEND = YES;
				GCC_C_LANGUAGE_STANDARD = gnu99;
				GCC_NO_COMMON_BLOCKS = YES;
				GCC_WARN_64_TO_32_BIT_CONVERSION = YES;
				GCC_WARN_ABOUT_RETURN_TYPE = YES_ERROR;
				GCC_WARN_UNDECLARED_SELECTOR = YES;
				GCC_WARN_UNINITIALIZED_AUTOS = YES_AGGRESSIVE;
				GCC_WARN_UNUSED_FUNCTION = YES;
				GCC_WARN_UNUSED_VARIABLE = YES;
				IPHONEOS_DEPLOYMENT_TARGET = 9.0;
				MTL_ENABLE_DEBUG_INFO = NO;
				PROVISIONING_PROFILE = "03e637ee-2706-4a10-ad23-af309a375f9f";
				SDKROOT = iphoneos;
				TARGETED_DEVICE_FAMILY = "1,2";
				VALIDATE_PRODUCT = YES;
			};
			name = Release;
		};
		4CDFC7EA1C2E54CD002684B5 /* Debug */ = {
			isa = XCBuildConfiguration;
			buildSettings = {
				ASSETCATALOG_COMPILER_APPICON_NAME = AppIcon;
				CODE_SIGN_IDENTITY = "iPhone Developer: Bhargava Poludasu (VZ2J5PXBYS)";
				INFOPLIST_FILE = AGRUB/Info.plist;
				IPHONEOS_DEPLOYMENT_TARGET = 8.0;
				LD_RUNPATH_SEARCH_PATHS = "$(inherited) @executable_path/Frameworks";
				PRODUCT_BUNDLE_IDENTIFIER = com.1010labs.agrub;
				PRODUCT_NAME = "$(TARGET_NAME)";
				PROVISIONING_PROFILE = "a8f4906a-9718-4ac3-891b-6bd444c025af";
				TARGETED_DEVICE_FAMILY = "1,2";
			};
			name = Debug;
		};
		4CDFC7EB1C2E54CD002684B5 /* Release */ = {
			isa = XCBuildConfiguration;
			buildSettings = {
				ASSETCATALOG_COMPILER_APPICON_NAME = AppIcon;
				CODE_SIGN_IDENTITY = "iPhone Distribution: Bhargava Poludasu (T9ABV3STGA)";
				INFOPLIST_FILE = AGRUB/Info.plist;
				IPHONEOS_DEPLOYMENT_TARGET = 8.0;
				LD_RUNPATH_SEARCH_PATHS = "$(inherited) @executable_path/Frameworks";
				PRODUCT_BUNDLE_IDENTIFIER = com.1010labs.agrub;
				PRODUCT_NAME = "$(TARGET_NAME)";
				PROVISIONING_PROFILE = "03e637ee-2706-4a10-ad23-af309a375f9f";
				TARGETED_DEVICE_FAMILY = "1,2";
			};
			name = Release;
		};
		4CDFC7ED1C2E54CD002684B5 /* Debug */ = {
			isa = XCBuildConfiguration;
			buildSettings = {
				BUNDLE_LOADER = "$(TEST_HOST)";
				INFOPLIST_FILE = AGRUBTests/Info.plist;
				LD_RUNPATH_SEARCH_PATHS = "$(inherited) @executable_path/Frameworks @loader_path/Frameworks";
				PRODUCT_BUNDLE_IDENTIFIER = com.1010labs.agrubTests;
				PRODUCT_NAME = "$(TARGET_NAME)";
				TEST_HOST = "$(BUILT_PRODUCTS_DIR)/AGRUB.app/AGRUB";
			};
			name = Debug;
		};
		4CDFC7EE1C2E54CD002684B5 /* Release */ = {
			isa = XCBuildConfiguration;
			buildSettings = {
				BUNDLE_LOADER = "$(TEST_HOST)";
				INFOPLIST_FILE = AGRUBTests/Info.plist;
				LD_RUNPATH_SEARCH_PATHS = "$(inherited) @executable_path/Frameworks @loader_path/Frameworks";
				PRODUCT_BUNDLE_IDENTIFIER = com.1010labs.agrubTests;
				PRODUCT_NAME = "$(TARGET_NAME)";
				TEST_HOST = "$(BUILT_PRODUCTS_DIR)/AGRUB.app/AGRUB";
			};
			name = Release;
		};
		4CDFC7F01C2E54CD002684B5 /* Debug */ = {
			isa = XCBuildConfiguration;
			buildSettings = {
				INFOPLIST_FILE = AGRUBUITests/Info.plist;
				LD_RUNPATH_SEARCH_PATHS = "$(inherited) @executable_path/Frameworks @loader_path/Frameworks";
				PRODUCT_BUNDLE_IDENTIFIER = com.1010labs.agrubUITests;
				PRODUCT_NAME = "$(TARGET_NAME)";
				TEST_TARGET_NAME = AGRUB;
				USES_XCTRUNNER = YES;
			};
			name = Debug;
		};
		4CDFC7F11C2E54CD002684B5 /* Release */ = {
			isa = XCBuildConfiguration;
			buildSettings = {
				INFOPLIST_FILE = AGRUBUITests/Info.plist;
				LD_RUNPATH_SEARCH_PATHS = "$(inherited) @executable_path/Frameworks @loader_path/Frameworks";
				PRODUCT_BUNDLE_IDENTIFIER = com.1010labs.agrubUITests;
				PRODUCT_NAME = "$(TARGET_NAME)";
				TEST_TARGET_NAME = AGRUB;
				USES_XCTRUNNER = YES;
			};
			name = Release;
		};
/* End XCBuildConfiguration section */

/* Begin XCConfigurationList section */
		4CDFC7BA1C2E54CC002684B5 /* Build configuration list for PBXProject "AGRUB" */ = {
			isa = XCConfigurationList;
			buildConfigurations = (
				4CDFC7E71C2E54CD002684B5 /* Debug */,
				4CDFC7E81C2E54CD002684B5 /* Release */,
			);
			defaultConfigurationIsVisible = 0;
			defaultConfigurationName = Release;
		};
		4CDFC7E91C2E54CD002684B5 /* Build configuration list for PBXNativeTarget "AGRUB" */ = {
			isa = XCConfigurationList;
			buildConfigurations = (
				4CDFC7EA1C2E54CD002684B5 /* Debug */,
				4CDFC7EB1C2E54CD002684B5 /* Release */,
			);
			defaultConfigurationIsVisible = 0;
			defaultConfigurationName = Release;
		};
		4CDFC7EC1C2E54CD002684B5 /* Build configuration list for PBXNativeTarget "AGRUBTests" */ = {
			isa = XCConfigurationList;
			buildConfigurations = (
				4CDFC7ED1C2E54CD002684B5 /* Debug */,
				4CDFC7EE1C2E54CD002684B5 /* Release */,
			);
			defaultConfigurationIsVisible = 0;
			defaultConfigurationName = Release;
		};
		4CDFC7EF1C2E54CD002684B5 /* Build configuration list for PBXNativeTarget "AGRUBUITests" */ = {
			isa = XCConfigurationList;
			buildConfigurations = (
				4CDFC7F01C2E54CD002684B5 /* Debug */,
				4CDFC7F11C2E54CD002684B5 /* Release */,
			);
			defaultConfigurationIsVisible = 0;
			defaultConfigurationName = Release;
		};
/* End XCConfigurationList section */
	};
	rootObject = 4CDFC7B71C2E54CC002684B5 /* Project object */;
}
